<?xml version="1.0" encoding="utf-8"?>
<Project ToolsVersion="4.0" xmlns="http://schemas.microsoft.com/developer/msbuild/2003">
  <ItemGroup>
    <Filter Include="src">
      <UniqueIdentifier>{e9b2b8c8-28b3-4eff-986f-98a1b2cd3417}</UniqueIdentifier>
    </Filter>
    <Filter Include="src\Physics">
      <UniqueIdentifier>{81d3796b-9f39-4a35-acaf-7bf6413596bc}</UniqueIdentifier>
    </Filter>
    <Filter Include="src\Manager">
      <UniqueIdentifier>{2c60239d-9392-4eb2-ad5c-e7edbe4c8ca6}</UniqueIdentifier>
    </Filter>
    <Filter Include="src\Math">
      <UniqueIdentifier>{e2c129ac-9b91-4e30-a7d4-870cca326642}</UniqueIdentifier>
    </Filter>
    <Filter Include="src\Entities">
      <UniqueIdentifier>{db9e44c1-8c5d-4d99-9861-ae38cf64e22d}</UniqueIdentifier>
    </Filter>
  </ItemGroup>
  <ItemGroup>
    <ClCompile Include="..\src\Game.cpp">
      <Filter>src</Filter>
    </ClCompile>
    <ClCompile Include="..\src\GlutCallbackInterface.cpp">
      <Filter>src</Filter>
    </ClCompile>
    <ClCompile Include="..\src\main.cpp">
      <Filter>src</Filter>
    </ClCompile>
    <ClCompile Include="..\src\manager\Input.cpp">
      <Filter>src\Manager</Filter>
    </ClCompile>
    <ClCompile Include="..\src\math\Math.cpp">
      <Filter>src\Math</Filter>
    </ClCompile>
    <ClCompile Include="..\src\math\Vector2.cpp">
      <Filter>src\Math</Filter>
    </ClCompile>
    <ClCompile Include="..\src\math\Vector3.cpp">
      <Filter>src\Math</Filter>
    </ClCompile>
    <ClCompile Include="..\src\physics\CollidableEntity.cpp">
      <Filter>src\Physics</Filter>
    </ClCompile>
    <ClCompile Include="..\src\entities\Asteroid.cpp">
      <Filter>src\Entities</Filter>
    </ClCompile>
    <ClCompile Include="..\src\entities\Bullet.cpp">
      <Filter>src\Entities</Filter>
    </ClCompile>
    <ClCompile Include="..\src\entities\Entity.cpp">
      <Filter>src\Entities</Filter>
    </ClCompile>
    <ClCompile Include="..\src\entities\Player.cpp">
      <Filter>src\Entities</Filter>
    </ClCompile>
    <ClCompile Include="..\src\entities\Arena.cpp">
      <Filter>src\Entities</Filter>
    </ClCompile>
    <ClCompile Include="..\src\entities\Camera.cpp">
      <Filter>src\Entities</Filter>
    </ClCompile>
  </ItemGroup>
  <ItemGroup>
    <ClInclude Include="..\src\Game.h">
      <Filter>src</Filter>
    </ClInclude>
    <ClInclude Include="..\src\GlutCallbackInterface.h">
      <Filter>src</Filter>
    </ClInclude>
    <ClInclude Include="..\src\manager\Input.h">
      <Filter>src\Manager</Filter>
    </ClInclude>
    <ClInclude Include="..\src\math\Math.h">
      <Filter>src\Math</Filter>
    </ClInclude>
    <ClInclude Include="..\src\math\Vector2.h">
      <Filter>src\Math</Filter>
    </ClInclude>
    <ClInclude Include="..\src\math\Vector3.h">
      <Filter>src\Math</Filter>
    </ClInclude>
    <ClInclude Include="..\src\physics\CollidableEntity.h">
      <Filter>src\Physics</Filter>
    </ClInclude>
    <ClInclude Include="..\src\entities\Asteroid.h">
      <Filter>src\Entities</Filter>
    </ClInclude>
    <ClInclude Include="..\src\entities\Bullet.h">
      <Filter>src\Entities</Filter>
    </ClInclude>
    <ClInclude Include="..\src\entities\Entity.h">
      <Filter>src\Entities</Filter>
    </ClInclude>
    <ClInclude Include="..\src\entities\Player.h">
      <Filter>src\Entities</Filter>
    </ClInclude>
    <ClInclude Include="..\src\entities\Arena.h">
      <Filter>src\Entities</Filter>
    </ClInclude>
    <ClInclude Include="..\src\entities\Camera.h">
      <Filter>src\Entities</Filter>
    </ClInclude>
  </ItemGroup>
</Project>